
Microsoft Visual Studio Solution File, Format Version 12.00
# Visual Studio 15
VisualStudioVersion = 15.0.28010.2003
MinimumVisualStudioVersion = 10.0.40219.1
Project("{11A8DD76-328B-46DF-9F39-F559912D0360}") = "nF.Devices.MCP23008", "nF.Devices.MCP23008\nF.Devices.MCP23008.nfproj", "{CDBD2A35-0AA9-4523-B0F7-56369DE2372A}"
EndProject
Project("{11A8DD76-328B-46DF-9F39-F559912D0360}") = "Windows.Devices.Gpio", "..\nanoframework\lib-Windows.Devices.Gpio\source\Windows.Devices.Gpio.nfproj", "{2FC2FDB5-DCEC-4B99-B9AD-5E45CED385E5}"
EndProject
Project("{11A8DD76-328B-46DF-9F39-F559912D0360}") = "nF.Devices.MCP23017", "nF.Devices.MCP23017\nF.Devices.MCP23017.nfproj", "{70EF953A-E6CD-49E9-9CDF-793E0C5DAD77}"
EndProject
Project("{11A8DD76-328B-46DF-9F39-F559912D0360}") = "nF.Devices.AT30TS75A", "nF.Devices.AT30TS75A\nF.Devices.AT30TS75A.nfproj", "{CFA432FA-5991-4416-9763-8B8E86764A7B}"
EndProject
Project("{11A8DD76-328B-46DF-9F39-F559912D0360}") = "nF.Devices.CAT24C32", "nF.Devices.CAT24C32\nF.Devices.CAT24C32.nfproj", "{81A90CE0-DA3F-4EB2-A026-767FC8A50430}"
EndProject
Project("{11A8DD76-328B-46DF-9F39-F559912D0360}") = "nF.Devices.DS3231M", "nF.Devices.DS3231M\nF.Devices.DS3231M.nfproj", "{4996E5BC-992C-4E7C-A4F7-943A63FB155A}"
EndProject
Project("{11A8DD76-328B-46DF-9F39-F559912D0360}") = "nF.Devices.HD44780", "nF.Devices.HD44780\nF.Devices.HD44780.nfproj", "{C9DF2651-F419-41E6-BCCD-261AC61EB2FA}"
EndProject
Project("{11A8DD76-328B-46DF-9F39-F559912D0360}") = "nF.Devices.DS1307", "nF.Devices.DS1307\nF.Devices.DS1307.nfproj", "{58DB3913-D0FC-4BC9-963D-DE3A8321AB9F}"
EndProject
Project("{11A8DD76-328B-46DF-9F39-F559912D0360}") = "nF.Devices.HTU21DF", "nF.Devices.HTU21DF\nF.Devices.HTU21DF.nfproj", "{F87ED635-580F-4183-929A-34754FA76FA1}"
EndProject
Project("{11A8DD76-328B-46DF-9F39-F559912D0360}") = "nF.Devices.MLX90614", "nF.Devices.MLX90614\nF.Devices.MLX90614.nfproj", "{51D6F259-C49B-4A8F-80AF-5D8B44A71A14}"
EndProject
Global
	GlobalSection(SolutionConfigurationPlatforms) = preSolution
		Debug|Any CPU = Debug|Any CPU
		Release|Any CPU = Release|Any CPU
	EndGlobalSection
	GlobalSection(ProjectConfigurationPlatforms) = postSolution
		{CDBD2A35-0AA9-4523-B0F7-56369DE2372A}.Debug|Any CPU.ActiveCfg = Debug|Any CPU
		{CDBD2A35-0AA9-4523-B0F7-56369DE2372A}.Debug|Any CPU.Build.0 = Debug|Any CPU
		{CDBD2A35-0AA9-4523-B0F7-56369DE2372A}.Debug|Any CPU.Deploy.0 = Debug|Any CPU
		{CDBD2A35-0AA9-4523-B0F7-56369DE2372A}.Release|Any CPU.ActiveCfg = Release|Any CPU
		{CDBD2A35-0AA9-4523-B0F7-56369DE2372A}.Release|Any CPU.Build.0 = Release|Any CPU
		{CDBD2A35-0AA9-4523-B0F7-56369DE2372A}.Release|Any CPU.Deploy.0 = Release|Any CPU
		{2FC2FDB5-DCEC-4B99-B9AD-5E45CED385E5}.Debug|Any CPU.ActiveCfg = Debug|Any CPU
		{2FC2FDB5-DCEC-4B99-B9AD-5E45CED385E5}.Debug|Any CPU.Build.0 = Debug|Any CPU
		{2FC2FDB5-DCEC-4B99-B9AD-5E45CED385E5}.Debug|Any CPU.Deploy.0 = Debug|Any CPU
		{2FC2FDB5-DCEC-4B99-B9AD-5E45CED385E5}.Release|Any CPU.ActiveCfg = Release|Any CPU
		{2FC2FDB5-DCEC-4B99-B9AD-5E45CED385E5}.Release|Any CPU.Build.0 = Release|Any CPU
		{2FC2FDB5-DCEC-4B99-B9AD-5E45CED385E5}.Release|Any CPU.Deploy.0 = Release|Any CPU
		{70EF953A-E6CD-49E9-9CDF-793E0C5DAD77}.Debug|Any CPU.ActiveCfg = Debug|Any CPU
		{70EF953A-E6CD-49E9-9CDF-793E0C5DAD77}.Debug|Any CPU.Build.0 = Debug|Any CPU
		{70EF953A-E6CD-49E9-9CDF-793E0C5DAD77}.Debug|Any CPU.Deploy.0 = Debug|Any CPU
		{70EF953A-E6CD-49E9-9CDF-793E0C5DAD77}.Release|Any CPU.ActiveCfg = Release|Any CPU
		{70EF953A-E6CD-49E9-9CDF-793E0C5DAD77}.Release|Any CPU.Build.0 = Release|Any CPU
		{70EF953A-E6CD-49E9-9CDF-793E0C5DAD77}.Release|Any CPU.Deploy.0 = Release|Any CPU
		{CFA432FA-5991-4416-9763-8B8E86764A7B}.Debug|Any CPU.ActiveCfg = Debug|Any CPU
		{CFA432FA-5991-4416-9763-8B8E86764A7B}.Debug|Any CPU.Build.0 = Debug|Any CPU
		{CFA432FA-5991-4416-9763-8B8E86764A7B}.Debug|Any CPU.Deploy.0 = Debug|Any CPU
		{CFA432FA-5991-4416-9763-8B8E86764A7B}.Release|Any CPU.ActiveCfg = Release|Any CPU
		{CFA432FA-5991-4416-9763-8B8E86764A7B}.Release|Any CPU.Build.0 = Release|Any CPU
		{CFA432FA-5991-4416-9763-8B8E86764A7B}.Release|Any CPU.Deploy.0 = Release|Any CPU
		{81A90CE0-DA3F-4EB2-A026-767FC8A50430}.Debug|Any CPU.ActiveCfg = Debug|Any CPU
		{81A90CE0-DA3F-4EB2-A026-767FC8A50430}.Debug|Any CPU.Build.0 = Debug|Any CPU
		{81A90CE0-DA3F-4EB2-A026-767FC8A50430}.Debug|Any CPU.Deploy.0 = Debug|Any CPU
		{81A90CE0-DA3F-4EB2-A026-767FC8A50430}.Release|Any CPU.ActiveCfg = Release|Any CPU
		{81A90CE0-DA3F-4EB2-A026-767FC8A50430}.Release|Any CPU.Build.0 = Release|Any CPU
		{81A90CE0-DA3F-4EB2-A026-767FC8A50430}.Release|Any CPU.Deploy.0 = Release|Any CPU
		{4996E5BC-992C-4E7C-A4F7-943A63FB155A}.Debug|Any CPU.ActiveCfg = Debug|Any CPU
		{4996E5BC-992C-4E7C-A4F7-943A63FB155A}.Debug|Any CPU.Build.0 = Debug|Any CPU
		{4996E5BC-992C-4E7C-A4F7-943A63FB155A}.Debug|Any CPU.Deploy.0 = Debug|Any CPU
		{4996E5BC-992C-4E7C-A4F7-943A63FB155A}.Release|Any CPU.ActiveCfg = Release|Any CPU
		{4996E5BC-992C-4E7C-A4F7-943A63FB155A}.Release|Any CPU.Build.0 = Release|Any CPU
		{4996E5BC-992C-4E7C-A4F7-943A63FB155A}.Release|Any CPU.Deploy.0 = Release|Any CPU
		{C9DF2651-F419-41E6-BCCD-261AC61EB2FA}.Debug|Any CPU.ActiveCfg = Debug|Any CPU
		{C9DF2651-F419-41E6-BCCD-261AC61EB2FA}.Debug|Any CPU.Build.0 = Debug|Any CPU
		{C9DF2651-F419-41E6-BCCD-261AC61EB2FA}.Debug|Any CPU.Deploy.0 = Debug|Any CPU
		{C9DF2651-F419-41E6-BCCD-261AC61EB2FA}.Release|Any CPU.ActiveCfg = Release|Any CPU
		{C9DF2651-F419-41E6-BCCD-261AC61EB2FA}.Release|Any CPU.Build.0 = Release|Any CPU
		{C9DF2651-F419-41E6-BCCD-261AC61EB2FA}.Release|Any CPU.Deploy.0 = Release|Any CPU
		{58DB3913-D0FC-4BC9-963D-DE3A8321AB9F}.Debug|Any CPU.ActiveCfg = Debug|Any CPU
		{58DB3913-D0FC-4BC9-963D-DE3A8321AB9F}.Debug|Any CPU.Build.0 = Debug|Any CPU
		{58DB3913-D0FC-4BC9-963D-DE3A8321AB9F}.Debug|Any CPU.Deploy.0 = Debug|Any CPU
		{58DB3913-D0FC-4BC9-963D-DE3A8321AB9F}.Release|Any CPU.ActiveCfg = Release|Any CPU
		{58DB3913-D0FC-4BC9-963D-DE3A8321AB9F}.Release|Any CPU.Build.0 = Release|Any CPU
		{58DB3913-D0FC-4BC9-963D-DE3A8321AB9F}.Release|Any CPU.Deploy.0 = Release|Any CPU
		{F87ED635-580F-4183-929A-34754FA76FA1}.Debug|Any CPU.ActiveCfg = Debug|Any CPU
		{F87ED635-580F-4183-929A-34754FA76FA1}.Debug|Any CPU.Build.0 = Debug|Any CPU
		{F87ED635-580F-4183-929A-34754FA76FA1}.Debug|Any CPU.Deploy.0 = Debug|Any CPU
		{F87ED635-580F-4183-929A-34754FA76FA1}.Release|Any CPU.ActiveCfg = Release|Any CPU
		{F87ED635-580F-4183-929A-34754FA76FA1}.Release|Any CPU.Build.0 = Release|Any CPU
		{F87ED635-580F-4183-929A-34754FA76FA1}.Release|Any CPU.Deploy.0 = Release|Any CPU
		{51D6F259-C49B-4A8F-80AF-5D8B44A71A14}.Debug|Any CPU.ActiveCfg = Debug|Any CPU
		{51D6F259-C49B-4A8F-80AF-5D8B44A71A14}.Debug|Any CPU.Build.0 = Debug|Any CPU
		{51D6F259-C49B-4A8F-80AF-5D8B44A71A14}.Debug|Any CPU.Deploy.0 = Debug|Any CPU
		{51D6F259-C49B-4A8F-80AF-5D8B44A71A14}.Release|Any CPU.ActiveCfg = Release|Any CPU
		{51D6F259-C49B-4A8F-80AF-5D8B44A71A14}.Release|Any CPU.Build.0 = Release|Any CPU
		{51D6F259-C49B-4A8F-80AF-5D8B44A71A14}.Release|Any CPU.Deploy.0 = Release|Any CPU
	EndGlobalSection
	GlobalSection(SolutionProperties) = preSolution
		HideSolutionNode = FALSE
	EndGlobalSection
	GlobalSection(ExtensibilityGlobals) = postSolution
		SolutionGuid = {7BEA9B86-E046-484E-8AD5-F27388964375}
	EndGlobalSection
EndGlobal
